<?xml version="1.0" encoding="utf-8"?>
<Project ToolsVersion="4.0" xmlns="http://schemas.microsoft.com/developer/msbuild/2003">
  <ItemGroup>
    <Filter Include="Source Files">
      <UniqueIdentifier>{4FC737F1-C7A5-4376-A066-2A32D752A2FF}</UniqueIdentifier>
      <Extensions>cpp;c;cc;cxx;def;odl;idl;hpj;bat;asm;asmx</Extensions>
    </Filter>
    <Filter Include="Header Files">
      <UniqueIdentifier>{93995380-89BD-4b04-88EB-625FBE52EBFB}</UniqueIdentifier>
      <Extensions>h;hpp;hxx;hm;inl;inc;xsd</Extensions>
    </Filter>
    <Filter Include="Resource Files">
      <UniqueIdentifier>{67DA6AB6-F800-4c08-8B7A-83BB121AAD01}</UniqueIdentifier>
      <Extensions>rc;ico;cur;bmp;dlg;rc2;rct;bin;rgs;gif;jpg;jpeg;jpe;resx;tiff;tif;png;wav;mfcribbon-ms</Extensions>
    </Filter>
  </ItemGroup>
  <ItemGroup>
    <None Include="ReadMe.txt" />
    <None Include="res\info.bmp">
      <Filter>Resource Files</Filter>
    </None>
    <None Include="res\buttons.bmp">
      <Filter>Resource Files</Filter>
    </None>
    <None Include="res\filelarge.bmp">
      <Filter>Resource Files</Filter>
    </None>
    <None Include="res\filesmall.bmp">
      <Filter>Resource Files</Filter>
    </None>
    <None Include="res\main.bmp">
      <Filter>Resource Files</Filter>
    </None>
    <None Include="res\writelarge.bmp">
      <Filter>Resource Files</Filter>
    </None>
    <None Include="res\writesmall.bmp">
      <Filter>Resource Files</Filter>
    </None>
    <None Include="res\ribbon.mfcribbon-ms">
      <Filter>Resource Files</Filter>
    </None>
    <None Include="res\NavCenter.rc2">
      <Filter>Resource Files</Filter>
    </None>
    <None Include="res\NavCenterDoc.ico">
      <Filter>Resource Files</Filter>
    </None>
    <None Include="res\NavCenter.ico">
      <Filter>Resource Files</Filter>
    </None>
    <None Include="res\Toolbar.bmp">
      <Filter>Resource Files</Filter>
    </None>
    <None Include="res\Toolbar256.bmp">
      <Filter>Resource Files</Filter>
    </None>
    <None Include="res\ribbon1.mfcribbon-ms">
      <Filter>Resource Files</Filter>
    </None>
    <None Include="res\png1.png">
      <Filter>Resource Files</Filter>
    </None>
    <None Include="res\icon1.png">
      <Filter>Resource Files</Filter>
    </None>
    <None Include="res\icon2.png">
      <Filter>Resource Files</Filter>
    </None>
    <None Include="res\bitmap1.bmp">
      <Filter>Resource Files</Filter>
    </None>
    <None Include="res\filelarge.png">
      <Filter>Resource Files</Filter>
    </None>
    <None Include="C:\Users\Роман\Desktop\Безымянный.bmp">
      <Filter>Resource Files</Filter>
    </None>
  </ItemGroup>
  <ItemGroup>
    <ClInclude Include="NavCenter.h">
      <Filter>Header Files</Filter>
    </ClInclude>
    <ClInclude Include="stdafx.h">
      <Filter>Header Files</Filter>
    </ClInclude>
    <ClInclude Include="targetver.h">
      <Filter>Header Files</Filter>
    </ClInclude>
    <ClInclude Include="MainFrm.h">
      <Filter>Header Files</Filter>
    </ClInclude>
    <ClInclude Include="ChildFrm.h">
      <Filter>Header Files</Filter>
    </ClInclude>
    <ClInclude Include="NavCenterDoc.h">
      <Filter>Header Files</Filter>
    </ClInclude>
    <ClInclude Include="NavCenterView.h">
      <Filter>Header Files</Filter>
    </ClInclude>
    <ClInclude Include="Resource.h">
      <Filter>Header Files</Filter>
    </ClInclude>
    <ClInclude Include="OSMView.h">
      <Filter>Header Files</Filter>
    </ClInclude>
    <ClInclude Include="OSMDoc.h">
      <Filter>Header Files</Filter>
    </ClInclude>
    <ClInclude Include="DockableLocationsPane.h">
      <Filter>Header Files</Filter>
    </ClInclude>
    <ClInclude Include="OSMCtrlMarkerEx.h">
      <Filter>Header Files</Filter>
    </ClInclude>
    <ClInclude Include="OSMCtrlEx.h">
      <Filter>Header Files</Filter>
    </ClInclude>
    <ClInclude Include="GuiSubject.h">
      <Filter>Header Files</Filter>
    </ClInclude>
    <ClInclude Include="IGuiObserver.h">
      <Filter>Header Files</Filter>
    </ClInclude>
    <ClInclude Include="DlgAddLocation.h">
      <Filter>Header Files</Filter>
    </ClInclude>
    <ClInclude Include="DockablePolylinesPane.h">
      <Filter>Header Files</Filter>
    </ClInclude>
    <ClInclude Include="OSMCtrlPolylineEx.h">
      <Filter>Header Files</Filter>
    </ClInclude>
    <ClInclude Include="OutputWnd.h">
      <Filter>Header Files</Filter>
    </ClInclude>
    <ClInclude Include="DlgAddPolyline.h">
      <Filter>Header Files</Filter>
    </ClInclude>
    <ClInclude Include="DlgOptions.h">
      <Filter>Header Files</Filter>
    </ClInclude>
    <ClInclude Include="DlgProgress.h">
      <Filter>Header Files</Filter>
    </ClInclude>
    <ClInclude Include="PictureEx.h">
      <Filter>Header Files</Filter>
    </ClInclude>
    <ClInclude Include="DockableRoutesPane.h">
      <Filter>Header Files</Filter>
    </ClInclude>
    <ClInclude Include="OSMCtrlRoute.h">
      <Filter>Header Files</Filter>
    </ClInclude>
    <ClInclude Include="DlgChangeRoute.h">
      <Filter>Header Files</Filter>
    </ClInclude>
    <ClInclude Include="DBManager.h">
      <Filter>Header Files</Filter>
    </ClInclude>
    <ClInclude Include="DlgExportDlg.h">
      <Filter>Header Files</Filter>
    </ClInclude>
  </ItemGroup>
  <ItemGroup>
    <ClCompile Include="NavCenter.cpp">
      <Filter>Source Files</Filter>
    </ClCompile>
    <ClCompile Include="stdafx.cpp">
      <Filter>Source Files</Filter>
    </ClCompile>
    <ClCompile Include="MainFrm.cpp">
      <Filter>Source Files</Filter>
    </ClCompile>
    <ClCompile Include="ChildFrm.cpp">
      <Filter>Source Files</Filter>
    </ClCompile>
    <ClCompile Include="NavCenterDoc.cpp">
      <Filter>Source Files</Filter>
    </ClCompile>
    <ClCompile Include="NavCenterView.cpp">
      <Filter>Source Files</Filter>
    </ClCompile>
    <ClCompile Include="OSMView.cpp">
      <Filter>Source Files</Filter>
    </ClCompile>
    <ClCompile Include="OSMDoc.cpp">
      <Filter>Source Files</Filter>
    </ClCompile>
    <ClCompile Include="DockableLocationsPane.cpp">
      <Filter>Source Files</Filter>
    </ClCompile>
    <ClCompile Include="OSMCtrlMarkerEx.cpp">
      <Filter>Source Files</Filter>
    </ClCompile>
    <ClCompile Include="OSMCtrlEx.cpp">
      <Filter>Source Files</Filter>
    </ClCompile>
    <ClCompile Include="GuiSubject.cpp">
      <Filter>Source Files</Filter>
    </ClCompile>
    <ClCompile Include="IGuiObserver.cpp">
      <Filter>Source Files</Filter>
    </ClCompile>
    <ClCompile Include="DlgAddLocation.cpp">
      <Filter>Source Files</Filter>
    </ClCompile>
    <ClCompile Include="DockablePolylinesPane.cpp">
      <Filter>Source Files</Filter>
    </ClCompile>
    <ClCompile Include="OSMCtrlPolylineEx.cpp">
      <Filter>Source Files</Filter>
    </ClCompile>
    <ClCompile Include="OutputWnd.cpp">
      <Filter>Source Files</Filter>
    </ClCompile>
    <ClCompile Include="DlgAddPolyline.cpp">
      <Filter>Source Files</Filter>
    </ClCompile>
    <ClCompile Include="DlgOptions.cpp">
      <Filter>Source Files</Filter>
    </ClCompile>
    <ClCompile Include="DlgProgress.cpp">
      <Filter>Source Files</Filter>
    </ClCompile>
    <ClCompile Include="PictureEx.cpp">
      <Filter>Source Files</Filter>
    </ClCompile>
    <ClCompile Include="DockableRoutesPane.cpp">
      <Filter>Source Files</Filter>
    </ClCompile>
    <ClCompile Include="OSMCtrlRoute.cpp">
      <Filter>Source Files</Filter>
    </ClCompile>
    <ClCompile Include="DlgChangeRoute.cpp">
      <Filter>Source Files</Filter>
    </ClCompile>
    <ClCompile Include="DBManager.cpp">
      <Filter>Source Files</Filter>
    </ClCompile>
    <ClCompile Include="DlgExportDlg.cpp">
      <Filter>Source Files</Filter>
    </ClCompile>
  </ItemGroup>
  <ItemGroup>
    <ResourceCompile Include="NavCenter.rc">
      <Filter>Resource Files</Filter>
    </ResourceCompile>
  </ItemGroup>
  <ItemGroup>
    <Library Include="..\InetLib\Release\InetLib.lib" />
  </ItemGroup>
</Project>