<?xml version="1.0" encoding="utf-8"?>
<Project ToolsVersion="4.0" xmlns="http://schemas.microsoft.com/developer/msbuild/2003">
  <ItemGroup>
    <Filter Include="Source Files">
      <UniqueIdentifier>{4FC737F1-C7A5-4376-A066-2A32D752A2FF}</UniqueIdentifier>
      <Extensions>cpp;c;cc;cxx;def;odl;idl;hpj;bat;asm;asmx</Extensions>
    </Filter>
    <Filter Include="Header Files">
      <UniqueIdentifier>{93995380-89BD-4b04-88EB-625FBE52EBFB}</UniqueIdentifier>
      <Extensions>h;hpp;hxx;hm;inl;inc;xsd</Extensions>
    </Filter>
    <Filter Include="Resource Files">
      <UniqueIdentifier>{67DA6AB6-F800-4c08-8B7A-83BB121AAD01}</UniqueIdentifier>
      <Extensions>rc;ico;cur;bmp;dlg;rc2;rct;bin;rgs;gif;jpg;jpeg;jpe;resx;tiff;tif;png;wav;mfcribbon-ms</Extensions>
    </Filter>
    <Filter Include="Libs">
      <UniqueIdentifier>{d2e41cb7-ee38-4ffe-b8da-c28b25a90076}</UniqueIdentifier>
    </Filter>
    <Filter Include="Header Files\ExportRaster">
      <UniqueIdentifier>{13c29492-3d91-4c8c-94a6-baa4b3f26c86}</UniqueIdentifier>
    </Filter>
  </ItemGroup>
  <ItemGroup>
    <None Include="ReadMe.txt" />
  </ItemGroup>
  <ItemGroup>
    <ClInclude Include="stdafx.h">
      <Filter>Header Files</Filter>
    </ClInclude>
    <ClInclude Include="targetver.h">
      <Filter>Header Files</Filter>
    </ClInclude>
    <ClInclude Include="ImgMapFile.h">
      <Filter>Header Files</Filter>
    </ClInclude>
    <ClInclude Include="CreateRasterMap.h">
      <Filter>Header Files\ExportRaster</Filter>
    </ClInclude>
    <ClInclude Include="type_def.h">
      <Filter>Header Files\ExportRaster</Filter>
    </ClInclude>
    <ClInclude Include="filetype_def.h">
      <Filter>Header Files\ExportRaster</Filter>
    </ClInclude>
    <ClInclude Include="CompressData.h">
      <Filter>Header Files\ExportRaster</Filter>
    </ClInclude>
    <ClInclude Include="RsmapFile.h">
      <Filter>Header Files\ExportRaster</Filter>
    </ClInclude>
    <ClInclude Include="MapLib.h">
      <Filter>Header Files</Filter>
    </ClInclude>
  </ItemGroup>
  <ItemGroup>
    <ClCompile Include="stdafx.cpp">
      <Filter>Source Files</Filter>
    </ClCompile>
    <ClCompile Include="dllmain.cpp">
      <Filter>Source Files</Filter>
    </ClCompile>
    <ClCompile Include="CreateRasterMap.cpp">
      <Filter>Source Files</Filter>
    </ClCompile>
    <ClCompile Include="ImgMapFile.cpp">
      <Filter>Source Files</Filter>
    </ClCompile>
    <ClCompile Include="type_def.cpp">
      <Filter>Source Files</Filter>
    </ClCompile>
    <ClCompile Include="filetype_def.cpp">
      <Filter>Source Files</Filter>
    </ClCompile>
    <ClCompile Include="CompressData.cpp">
      <Filter>Source Files</Filter>
    </ClCompile>
    <ClCompile Include="RsmapFile.cpp">
      <Filter>Source Files</Filter>
    </ClCompile>
    <ClCompile Include="MapLib.cpp">
      <Filter>Source Files</Filter>
    </ClCompile>
  </ItemGroup>
  <ItemGroup>
    <Library Include="..\Libs\gdal.lib">
      <Filter>Libs</Filter>
    </Library>
  </ItemGroup>
</Project>